// !$*UTF8*$!
{
	archiveVersion = 1;
	classes = {
	};
	objectVersion = 56;
	objects = {

/* Begin PBXBuildFile section */
		39055A582AD6FF1F0089A943 /* vecka1App.swift in Sources */ = {isa = PBXBuildFile; fileRef = 39055A572AD6FF1F0089A943 /* vecka1App.swift */; };
		39055A5A2AD6FF1F0089A943 /* ContentView.swift in Sources */ = {isa = PBXBuildFile; fileRef = 39055A592AD6FF1F0089A943 /* ContentView.swift */; };
		39055A5C2AD6FF1F0089A943 /* Assets.xcassets in Resources */ = {isa = PBXBuildFile; fileRef = 39055A5B2AD6FF1F0089A943 /* Assets.xcassets */; };
		39055A5F2AD6FF1F0089A943 /* Preview Assets.xcassets in Resources */ = {isa = PBXBuildFile; fileRef = 39055A5E2AD6FF1F0089A943 /* Preview Assets.xcassets */; };
		39055A692AD6FF200089A943 /* vecka1Tests.swift in Sources */ = {isa = PBXBuildFile; fileRef = 39055A682AD6FF200089A943 /* vecka1Tests.swift */; };
		39055A732AD6FF200089A943 /* vecka1UITests.swift in Sources */ = {isa = PBXBuildFile; fileRef = 39055A722AD6FF200089A943 /* vecka1UITests.swift */; };
		39055A752AD6FF200089A943 /* vecka1UITestsLaunchTests.swift in Sources */ = {isa = PBXBuildFile; fileRef = 39055A742AD6FF200089A943 /* vecka1UITestsLaunchTests.swift */; };
/* End PBXBuildFile section */

/* Begin PBXContainerItemProxy section */
		39055A652AD6FF200089A943 /* PBXContainerItemProxy */ = {
			isa = PBXContainerItemProxy;
			containerPortal = 39055A4C2AD6FF1F0089A943 /* Project object */;
			proxyType = 1;
			remoteGlobalIDString = 39055A532AD6FF1F0089A943;
			remoteInfo = vecka1;
		};
		39055A6F2AD6FF200089A943 /* PBXContainerItemProxy */ = {
			isa = PBXContainerItemProxy;
			containerPortal = 39055A4C2AD6FF1F0089A943 /* Project object */;
			proxyType = 1;
			remoteGlobalIDString = 39055A532AD6FF1F0089A943;
			remoteInfo = vecka1;
		};
/* End PBXContainerItemProxy section */

/* Begin PBXFileReference section */
		39055A542AD6FF1F0089A943 /* vecka1.app */ = {isa = PBXFileReference; explicitFileType = wrapper.application; includeInIndex = 0; path = vecka1.app; sourceTree = BUILT_PRODUCTS_DIR; };
		39055A572AD6FF1F0089A943 /* vecka1App.swift */ = {isa = PBXFileReference; lastKnownFileType = sourcecode.swift; path = vecka1App.swift; sourceTree = "<group>"; };
		39055A592AD6FF1F0089A943 /* ContentView.swift */ = {isa = PBXFileReference; lastKnownFileType = sourcecode.swift; path = ContentView.swift; sourceTree = "<group>"; };
		39055A5B2AD6FF1F0089A943 /* Assets.xcassets */ = {isa = PBXFileReference; lastKnownFileType = folder.assetcatalog; path = Assets.xcassets; sourceTree = "<group>"; };
		39055A5E2AD6FF1F0089A943 /* Preview Assets.xcassets */ = {isa = PBXFileReference; lastKnownFileType = folder.assetcatalog; path = "Preview Assets.xcassets"; sourceTree = "<group>"; };
		39055A642AD6FF200089A943 /* vecka1Tests.xctest */ = {isa = PBXFileReference; explicitFileType = wrapper.cfbundle; includeInIndex = 0; path = vecka1Tests.xctest; sourceTree = BUILT_PRODUCTS_DIR; };
		39055A682AD6FF200089A943 /* vecka1Tests.swift */ = {isa = PBXFileReference; lastKnownFileType = sourcecode.swift; path = vecka1Tests.swift; sourceTree = "<group>"; };
		39055A6E2AD6FF200089A943 /* vecka1UITests.xctest */ = {isa = PBXFileReference; explicitFileType = wrapper.cfbundle; includeInIndex = 0; path = vecka1UITests.xctest; sourceTree = BUILT_PRODUCTS_DIR; };
		39055A722AD6FF200089A943 /* vecka1UITests.swift */ = {isa = PBXFileReference; lastKnownFileType = sourcecode.swift; path = vecka1UITests.swift; sourceTree = "<group>"; };
		39055A742AD6FF200089A943 /* vecka1UITestsLaunchTests.swift */ = {isa = PBXFileReference; lastKnownFileType = sourcecode.swift; path = vecka1UITestsLaunchTests.swift; sourceTree = "<group>"; };
/* End PBXFileReference section */

/* Begin PBXFrameworksBuildPhase section */
		39055A512AD6FF1F0089A943 /* Frameworks */ = {
			isa = PBXFrameworksBuildPhase;
			buildActionMask = 2147483647;
			files = (
			);
			runOnlyForDeploymentPostprocessing = 0;
		};
		39055A612AD6FF200089A943 /* Frameworks */ = {
			isa = PBXFrameworksBuildPhase;
			buildActionMask = 2147483647;
			files = (
			);
			runOnlyForDeploymentPostprocessing = 0;
		};
		39055A6B2AD6FF200089A943 /* Frameworks */ = {
			isa = PBXFrameworksBuildPhase;
			buildActionMask = 2147483647;
			files = (
			);
			runOnlyForDeploymentPostprocessing = 0;
		};
/* End PBXFrameworksBuildPhase section */

/* Begin PBXGroup section */
		39055A4B2AD6FF1F0089A943 = {
			isa = PBXGroup;
			children = (
				39055A562AD6FF1F0089A943 /* vecka1 */,
				39055A672AD6FF200089A943 /* vecka1Tests */,
				39055A712AD6FF200089A943 /* vecka1UITests */,
				39055A552AD6FF1F0089A943 /* Products */,
			);
			sourceTree = "<group>";
		};
		39055A552AD6FF1F0089A943 /* Products */ = {
			isa = PBXGroup;
			children = (
				39055A542AD6FF1F0089A943 /* vecka1.app */,
				39055A642AD6FF200089A943 /* vecka1Tests.xctest */,
				39055A6E2AD6FF200089A943 /* vecka1UITests.xctest */,
			);
			name = Products;
			sourceTree = "<group>";
		};
		39055A562AD6FF1F0089A943 /* vecka1 */ = {
			isa = PBXGroup;
			children = (
				39055A572AD6FF1F0089A943 /* vecka1App.swift */,
				39055A592AD6FF1F0089A943 /* ContentView.swift */,
				39055A5B2AD6FF1F0089A943 /* Assets.xcassets */,
				39055A5D2AD6FF1F0089A943 /* Preview Content */,
			);
			path = vecka1;
			sourceTree = "<group>";
		};
		39055A5D2AD6FF1F0089A943 /* Preview Content */ = {
			isa = PBXGroup;
			children = (
				39055A5E2AD6FF1F0089A943 /* Preview Assets.xcassets */,
			);
			path = "Preview Content";
			sourceTree = "<group>";
		};
		39055A672AD6FF200089A943 /* vecka1Tests */ = {
			isa = PBXGroup;
			children = (
				39055A682AD6FF200089A943 /* vecka1Tests.swift */,
			);
			path = vecka1Tests;
			sourceTree = "<group>";
		};
		39055A712AD6FF200089A943 /* vecka1UITests */ = {
			isa = PBXGroup;
			children = (
				39055A722AD6FF200089A943 /* vecka1UITests.swift */,
				39055A742AD6FF200089A943 /* vecka1UITestsLaunchTests.swift */,
			);
			path = vecka1UITests;
			sourceTree = "<group>";
		};
/* End PBXGroup section */

/* Begin PBXNativeTarget section */
		39055A532AD6FF1F0089A943 /* vecka1 */ = {
			isa = PBXNativeTarget;
			buildConfigurationList = 39055A782AD6FF200089A943 /* Build configuration list for PBXNativeTarget "vecka1" */;
			buildPhases = (
				39055A502AD6FF1F0089A943 /* Sources */,
				39055A512AD6FF1F0089A943 /* Frameworks */,
				39055A522AD6FF1F0089A943 /* Resources */,
			);
			buildRules = (
			);
			dependencies = (
			);
			name = vecka1;
			productName = vecka1;
			productReference = 39055A542AD6FF1F0089A943 /* vecka1.app */;
			productType = "com.apple.product-type.application";
		};
		39055A632AD6FF200089A943 /* vecka1Tests */ = {
			isa = PBXNativeTarget;
			buildConfigurationList = 39055A7B2AD6FF200089A943 /* Build configuration list for PBXNativeTarget "vecka1Tests" */;
			buildPhases = (
				39055A602AD6FF200089A943 /* Sources */,
				39055A612AD6FF200089A943 /* Frameworks */,
				39055A622AD6FF200089A943 /* Resources */,
			);
			buildRules = (
			);
			dependencies = (
				39055A662AD6FF200089A943 /* PBXTargetDependency */,
			);
			name = vecka1Tests;
			productName = vecka1Tests;
			productReference = 39055A642AD6FF200089A943 /* vecka1Tests.xctest */;
			productType = "com.apple.product-type.bundle.unit-test";
		};
		39055A6D2AD6FF200089A943 /* vecka1UITests */ = {
			isa = PBXNativeTarget;
			buildConfigurationList = 39055A7E2AD6FF200089A943 /* Build configuration list for PBXNativeTarget "vecka1UITests" */;
			buildPhases = (
				39055A6A2AD6FF200089A943 /* Sources */,
				39055A6B2AD6FF200089A943 /* Frameworks */,
				39055A6C2AD6FF200089A943 /* Resources */,
			);
			buildRules = (
			);
			dependencies = (
				39055A702AD6FF200089A943 /* PBXTargetDependency */,
			);
			name = vecka1UITests;
			productName = vecka1UITests;
			productReference = 39055A6E2AD6FF200089A943 /* vecka1UITests.xctest */;
			productType = "com.apple.product-type.bundle.ui-testing";
		};
/* End PBXNativeTarget section */

/* Begin PBXProject section */
		39055A4C2AD6FF1F0089A943 /* Project object */ = {
			isa = PBXProject;
			attributes = {
				BuildIndependentTargetsInParallel = 1;
				LastSwiftUpdateCheck = 1430;
				LastUpgradeCheck = 1430;
				TargetAttributes = {
					39055A532AD6FF1F0089A943 = {
						CreatedOnToolsVersion = 14.3.1;
					};
					39055A632AD6FF200089A943 = {
						CreatedOnToolsVersion = 14.3.1;
						TestTargetID = 39055A532AD6FF1F0089A943;
					};
					39055A6D2AD6FF200089A943 = {
						CreatedOnToolsVersion = 14.3.1;
						TestTargetID = 39055A532AD6FF1F0089A943;
					};
				};
			};
			buildConfigurationList = 39055A4F2AD6FF1F0089A943 /* Build configuration list for PBXProject "vecka1" */;
			compatibilityVersion = "Xcode 14.0";
			developmentRegion = en;
			hasScannedForEncodings = 0;
			knownRegions = (
				en,
				Base,
			);
			mainGroup = 39055A4B2AD6FF1F0089A943;
			productRefGroup = 39055A552AD6FF1F0089A943 /* Products */;
			projectDirPath = "";
			projectRoot = "";
			targets = (
				39055A532AD6FF1F0089A943 /* vecka1 */,
				39055A632AD6FF200089A943 /* vecka1Tests */,
				39055A6D2AD6FF200089A943 /* vecka1UITests */,
			);
		};
/* End PBXProject section */

/* Begin PBXResourcesBuildPhase section */
		39055A522AD6FF1F0089A943 /* Resources */ = {
			isa = PBXResourcesBuildPhase;
			buildActionMask = 2147483647;
			files = (
				39055A5F2AD6FF1F0089A943 /* Preview Assets.xcassets in Resources */,
				39055A5C2AD6FF1F0089A943 /* Assets.xcassets in Resources */,
			);
			runOnlyForDeploymentPostprocessing = 0;
		};
		39055A622AD6FF200089A943 /* Resources */ = {
			isa = PBXResourcesBuildPhase;
			buildActionMask = 2147483647;
			files = (
			);
			runOnlyForDeploymentPostprocessing = 0;
		};
		39055A6C2AD6FF200089A943 /* Resources */ = {
			isa = PBXResourcesBuildPhase;
			buildActionMask = 2147483647;
			files = (
			);
			runOnlyForDeploymentPostprocessing = 0;
		};
/* End PBXResourcesBuildPhase section */

/* Begin PBXSourcesBuildPhase section */
		39055A502AD6FF1F0089A943 /* Sources */ = {
			isa = PBXSourcesBuildPhase;
			buildActionMask = 2147483647;
			files = (
				39055A5A2AD6FF1F0089A943 /* ContentView.swift in Sources */,
				39055A582AD6FF1F0089A943 /* vecka1App.swift in Sources */,
			);
			runOnlyForDeploymentPostprocessing = 0;
		};
		39055A602AD6FF200089A943 /* Sources */ = {
			isa = PBXSourcesBuildPhase;
			buildActionMask = 2147483647;
			files = (
				39055A692AD6FF200089A943 /* vecka1Tests.swift in Sources */,
			);
			runOnlyForDeploymentPostprocessing = 0;
		};
		39055A6A2AD6FF200089A943 /* Sources */ = {
			isa = PBXSourcesBuildPhase;
			buildActionMask = 2147483647;
			files = (
				39055A732AD6FF200089A943 /* vecka1UITests.swift in Sources */,
				39055A752AD6FF200089A943 /* vecka1UITestsLaunchTests.swift in Sources */,
			);
			runOnlyForDeploymentPostprocessing = 0;
		};
/* End PBXSourcesBuildPhase section */

/* Begin PBXTargetDependency section */
		39055A662AD6FF200089A943 /* PBXTargetDependency */ = {
			isa = PBXTargetDependency;
			target = 39055A532AD6FF1F0089A943 /* vecka1 */;
			targetProxy = 39055A652AD6FF200089A943 /* PBXContainerItemProxy */;
		};
		39055A702AD6FF200089A943 /* PBXTargetDependency */ = {
			isa = PBXTargetDependency;
			target = 39055A532AD6FF1F0089A943 /* vecka1 */;
			targetProxy = 39055A6F2AD6FF200089A943 /* PBXContainerItemProxy */;
		};
/* End PBXTargetDependency section */

/* Begin XCBuildConfiguration section */
		39055A762AD6FF200089A943 /* Debug */ = {
			isa = XCBuildConfiguration;
			buildSettings = {
				ALWAYS_SEARCH_USER_PATHS = NO;
				CLANG_ANALYZER_NONNULL = YES;
				CLANG_ANALYZER_NUMBER_OBJECT_CONVERSION = YES_AGGRESSIVE;
				CLANG_CXX_LANGUAGE_STANDARD = "gnu++20";
				CLANG_ENABLE_MODULES = YES;
				CLANG_ENABLE_OBJC_ARC = YES;
				CLANG_ENABLE_OBJC_WEAK = YES;
				CLANG_WARN_BLOCK_CAPTURE_AUTORELEASING = YES;
				CLANG_WARN_BOOL_CONVERSION = YES;
				CLANG_WARN_COMMA = YES;
				CLANG_WARN_CONSTANT_CONVERSION = YES;
				CLANG_WARN_DEPRECATED_OBJC_IMPLEMENTATIONS = YES;
				CLANG_WARN_DIRECT_OBJC_ISA_USAGE = YES_ERROR;
				CLANG_WARN_DOCUMENTATION_COMMENTS = YES;
				CLANG_WARN_EMPTY_BODY = YES;
				CLANG_WARN_ENUM_CONVERSION = YES;
				CLANG_WARN_INFINITE_RECURSION = YES;
				CLANG_WARN_INT_CONVERSION = YES;
				CLANG_WARN_NON_LITERAL_NULL_CONVERSION = YES;
				CLANG_WARN_OBJC_IMPLICIT_RETAIN_SELF = YES;
				CLANG_WARN_OBJC_LITERAL_CONVERSION = YES;
				CLANG_WARN_OBJC_ROOT_CLASS = YES_ERROR;
				CLANG_WARN_QUOTED_INCLUDE_IN_FRAMEWORK_HEADER = YES;
				CLANG_WARN_RANGE_LOOP_ANALYSIS = YES;
				CLANG_WARN_STRICT_PROTOTYPES = YES;
				CLANG_WARN_SUSPICIOUS_MOVE = YES;
				CLANG_WARN_UNGUARDED_AVAILABILITY = YES_AGGRESSIVE;
				CLANG_WARN_UNREACHABLE_CODE = YES;
				CLANG_WARN__DUPLICATE_METHOD_MATCH = YES;
				COPY_PHASE_STRIP = NO;
				DEBUG_INFORMATION_FORMAT = dwarf;
				ENABLE_STRICT_OBJC_MSGSEND = YES;
				ENABLE_TESTABILITY = YES;
				GCC_C_LANGUAGE_STANDARD = gnu11;
				GCC_DYNAMIC_NO_PIC = NO;
				GCC_NO_COMMON_BLOCKS = YES;
				GCC_OPTIMIZATION_LEVEL = 0;
				GCC_PREPROCESSOR_DEFINITIONS = (
					"DEBUG=1",
					"$(inherited)",
				);
				GCC_WARN_64_TO_32_BIT_CONVERSION = YES;
				GCC_WARN_ABOUT_RETURN_TYPE = YES_ERROR;
				GCC_WARN_UNDECLARED_SELECTOR = YES;
				GCC_WARN_UNINITIALIZED_AUTOS = YES_AGGRESSIVE;
				GCC_WARN_UNUSED_FUNCTION = YES;
				GCC_WARN_UNUSED_VARIABLE = YES;
				IPHONEOS_DEPLOYMENT_TARGET = 16.4;
				MTL_ENABLE_DEBUG_INFO = INCLUDE_SOURCE;
				MTL_FAST_MATH = YES;
				ONLY_ACTIVE_ARCH = YES;
				SDKROOT = iphoneos;
				SWIFT_ACTIVE_COMPILATION_CONDITIONS = DEBUG;
				SWIFT_OPTIMIZATION_LEVEL = "-Onone";
			};
			name = Debug;
		};
		39055A772AD6FF200089A943 /* Release */ = {
			isa = XCBuildConfiguration;
			buildSettings = {
				ALWAYS_SEARCH_USER_PATHS = NO;
				CLANG_ANALYZER_NONNULL = YES;
				CLANG_ANALYZER_NUMBER_OBJECT_CONVERSION = YES_AGGRESSIVE;
				CLANG_CXX_LANGUAGE_STANDARD = "gnu++20";
				CLANG_ENABLE_MODULES = YES;
				CLANG_ENABLE_OBJC_ARC = YES;
				CLANG_ENABLE_OBJC_WEAK = YES;
				CLANG_WARN_BLOCK_CAPTURE_AUTORELEASING = YES;
				CLANG_WARN_BOOL_CONVERSION = YES;
				CLANG_WARN_COMMA = YES;
				CLANG_WARN_CONSTANT_CONVERSION = YES;
				CLANG_WARN_DEPRECATED_OBJC_IMPLEMENTATIONS = YES;
				CLANG_WARN_DIRECT_OBJC_ISA_USAGE = YES_ERROR;
				CLANG_WARN_DOCUMENTATION_COMMENTS = YES;
				CLANG_WARN_EMPTY_BODY = YES;
				CLANG_WARN_ENUM_CONVERSION = YES;
				CLANG_WARN_INFINITE_RECURSION = YES;
				CLANG_WARN_INT_CONVERSION = YES;
				CLANG_WARN_NON_LITERAL_NULL_CONVERSION = YES;
				CLANG_WARN_OBJC_IMPLICIT_RETAIN_SELF = YES;
				CLANG_WARN_OBJC_LITERAL_CONVERSION = YES;
				CLANG_WARN_OBJC_ROOT_CLASS = YES_ERROR;
				CLANG_WARN_QUOTED_INCLUDE_IN_FRAMEWORK_HEADER = YES;
				CLANG_WARN_RANGE_LOOP_ANALYSIS = YES;
				CLANG_WARN_STRICT_PROTOTYPES = YES;
				CLANG_WARN_SUSPICIOUS_MOVE = YES;
				CLANG_WARN_UNGUARDED_AVAILABILITY = YES_AGGRESSIVE;
				CLANG_WARN_UNREACHABLE_CODE = YES;
				CLANG_WARN__DUPLICATE_METHOD_MATCH = YES;
				COPY_PHASE_STRIP = NO;
				DEBUG_INFORMATION_FORMAT = "dwarf-with-dsym";
				ENABLE_NS_ASSERTIONS = NO;
				ENABLE_STRICT_OBJC_MSGSEND = YES;
				GCC_C_LANGUAGE_STANDARD = gnu11;
				GCC_NO_COMMON_BLOCKS = YES;
				GCC_WARN_64_TO_32_BIT_CONVERSION = YES;
				GCC_WARN_ABOUT_RETURN_TYPE = YES_ERROR;
				GCC_WARN_UNDECLARED_SELECTOR = YES;
				GCC_WARN_UNINITIALIZED_AUTOS = YES_AGGRESSIVE;
				GCC_WARN_UNUSED_FUNCTION = YES;
				GCC_WARN_UNUSED_VARIABLE = YES;
				IPHONEOS_DEPLOYMENT_TARGET = 16.4;
				MTL_ENABLE_DEBUG_INFO = NO;
				MTL_FAST_MATH = YES;
				SDKROOT = iphoneos;
				SWIFT_COMPILATION_MODE = wholemodule;
				SWIFT_OPTIMIZATION_LEVEL = "-O";
				VALIDATE_PRODUCT = YES;
			};
			name = Release;
		};
		39055A792AD6FF200089A943 /* Debug */ = {
			isa = XCBuildConfiguration;
			buildSettings = {
				ASSETCATALOG_COMPILER_APPICON_NAME = AppIcon;
				ASSETCATALOG_COMPILER_GLOBAL_ACCENT_COLOR_NAME = AccentColor;
				CODE_SIGN_STYLE = Automatic;
				CURRENT_PROJECT_VERSION = 1;
				DEVELOPMENT_ASSET_PATHS = "\"vecka1/Preview Content\"";
				ENABLE_PREVIEWS = YES;
				GENERATE_INFOPLIST_FILE = YES;
				INFOPLIST_KEY_UIApplicationSceneManifest_Generation = YES;
				INFOPLIST_KEY_UIApplicationSupportsIndirectInputEvents = YES;
				INFOPLIST_KEY_UILaunchScreen_Generation = YES;
				INFOPLIST_KEY_UISupportedInterfaceOrientations_iPad = "UIInterfaceOrientationPortrait UIInterfaceOrientationPortraitUpsideDown UIInterfaceOrientationLandscapeLeft UIInterfaceOrientationLandscapeRight";
				INFOPLIST_KEY_UISupportedInterfaceOrientations_iPhone = "UIInterfaceOrientationPortrait UIInterfaceOrientationLandscapeLeft UIInterfaceOrientationLandscapeRight";
				LD_RUNPATH_SEARCH_PATHS = (
					"$(inherited)",
					"@executable_path/Frameworks",
				);
				MARKETING_VERSION = 1.0;
				PRODUCT_BUNDLE_IDENTIFIER = se.carill.vecka1;
				PRODUCT_NAME = "$(TARGET_NAME)";
				SWIFT_EMIT_LOC_STRINGS = YES;
				SWIFT_VERSION = 5.0;
				TARGETED_DEVICE_FAMILY = "1,2";
			};
			name = Debug;
		};
		39055A7A2AD6FF200089A943 /* Release */ = {
			isa = XCBuildConfiguration;
			buildSettings = {
				ASSETCATALOG_COMPILER_APPICON_NAME = AppIcon;
				ASSETCATALOG_COMPILER_GLOBAL_ACCENT_COLOR_NAME = AccentColor;
				CODE_SIGN_STYLE = Automatic;
				CURRENT_PROJECT_VERSION = 1;
				DEVELOPMENT_ASSET_PATHS = "\"vecka1/Preview Content\"";
				ENABLE_PREVIEWS = YES;
				GENERATE_INFOPLIST_FILE = YES;
				INFOPLIST_KEY_UIApplicationSceneManifest_Generation = YES;
				INFOPLIST_KEY_UIApplicationSupportsIndirectInputEvents = YES;
				INFOPLIST_KEY_UILaunchScreen_Generation = YES;
				INFOPLIST_KEY_UISupportedInterfaceOrientations_iPad = "UIInterfaceOrientationPortrait UIInterfaceOrientationPortraitUpsideDown UIInterfaceOrientationLandscapeLeft UIInterfaceOrientationLandscapeRight";
				INFOPLIST_KEY_UISupportedInterfaceOrientations_iPhone = "UIInterfaceOrientationPortrait UIInterfaceOrientationLandscapeLeft UIInterfaceOrientationLandscapeRight";
				LD_RUNPATH_SEARCH_PATHS = (
					"$(inherited)",
					"@executable_path/Frameworks",
				);
				MARKETING_VERSION = 1.0;
				PRODUCT_BUNDLE_IDENTIFIER = se.carill.vecka1;
				PRODUCT_NAME = "$(TARGET_NAME)";
				SWIFT_EMIT_LOC_STRINGS = YES;
				SWIFT_VERSION = 5.0;
				TARGETED_DEVICE_FAMILY = "1,2";
			};
			name = Release;
		};
		39055A7C2AD6FF200089A943 /* Debug */ = {
			isa = XCBuildConfiguration;
			buildSettings = {
				ALWAYS_EMBED_SWIFT_STANDARD_LIBRARIES = YES;
				BUNDLE_LOADER = "$(TEST_HOST)";
				CODE_SIGN_STYLE = Automatic;
				CURRENT_PROJECT_VERSION = 1;
				GENERATE_INFOPLIST_FILE = YES;
				IPHONEOS_DEPLOYMENT_TARGET = 16.4;
				MARKETING_VERSION = 1.0;
				PRODUCT_BUNDLE_IDENTIFIER = se.carill.vecka1Tests;
				PRODUCT_NAME = "$(TARGET_NAME)";
				SWIFT_EMIT_LOC_STRINGS = NO;
				SWIFT_VERSION = 5.0;
				TARGETED_DEVICE_FAMILY = "1,2";
				TEST_HOST = "$(BUILT_PRODUCTS_DIR)/vecka1.app/$(BUNDLE_EXECUTABLE_FOLDER_PATH)/vecka1";
			};
			name = Debug;
		};
		39055A7D2AD6FF200089A943 /* Release */ = {
			isa = XCBuildConfiguration;
			buildSettings = {
				ALWAYS_EMBED_SWIFT_STANDARD_LIBRARIES = YES;
				BUNDLE_LOADER = "$(TEST_HOST)";
				CODE_SIGN_STYLE = Automatic;
				CURRENT_PROJECT_VERSION = 1;
				GENERATE_INFOPLIST_FILE = YES;
				IPHONEOS_DEPLOYMENT_TARGET = 16.4;
				MARKETING_VERSION = 1.0;
				PRODUCT_BUNDLE_IDENTIFIER = se.carill.vecka1Tests;
				PRODUCT_NAME = "$(TARGET_NAME)";
				SWIFT_EMIT_LOC_STRINGS = NO;
				SWIFT_VERSION = 5.0;
				TARGETED_DEVICE_FAMILY = "1,2";
				TEST_HOST = "$(BUILT_PRODUCTS_DIR)/vecka1.app/$(BUNDLE_EXECUTABLE_FOLDER_PATH)/vecka1";
			};
			name = Release;
		};
		39055A7F2AD6FF200089A943 /* Debug */ = {
			isa = XCBuildConfiguration;
			buildSettings = {
				ALWAYS_EMBED_SWIFT_STANDARD_LIBRARIES = YES;
				CODE_SIGN_STYLE = Automatic;
				CURRENT_PROJECT_VERSION = 1;
				GENERATE_INFOPLIST_FILE = YES;
				MARKETING_VERSION = 1.0;
				PRODUCT_BUNDLE_IDENTIFIER = se.carill.vecka1UITests;
				PRODUCT_NAME = "$(TARGET_NAME)";
				SWIFT_EMIT_LOC_STRINGS = NO;
				SWIFT_VERSION = 5.0;
				TARGETED_DEVICE_FAMILY = "1,2";
				TEST_TARGET_NAME = vecka1;
			};
			name = Debug;
		};
		39055A802AD6FF200089A943 /* Release */ = {
			isa = XCBuildConfiguration;
			buildSettings = {
				ALWAYS_EMBED_SWIFT_STANDARD_LIBRARIES = YES;
				CODE_SIGN_STYLE = Automatic;
				CURRENT_PROJECT_VERSION = 1;
				GENERATE_INFOPLIST_FILE = YES;
				MARKETING_VERSION = 1.0;
				PRODUCT_BUNDLE_IDENTIFIER = se.carill.vecka1UITests;
				PRODUCT_NAME = "$(TARGET_NAME)";
				SWIFT_EMIT_LOC_STRINGS = NO;
				SWIFT_VERSION = 5.0;
				TARGETED_DEVICE_FAMILY = "1,2";
				TEST_TARGET_NAME = vecka1;
			};
			name = Release;
		};
/* End XCBuildConfiguration section */

/* Begin XCConfigurationList section */
		39055A4F2AD6FF1F0089A943 /* Build configuration list for PBXProject "vecka1" */ = {
			isa = XCConfigurationList;
			buildConfigurations = (
				39055A762AD6FF200089A943 /* Debug */,
				39055A772AD6FF200089A943 /* Release */,
			);
			defaultConfigurationIsVisible = 0;
			defaultConfigurationName = Release;
		};
		39055A782AD6FF200089A943 /* Build configuration list for PBXNativeTarget "vecka1" */ = {
			isa = XCConfigurationList;
			buildConfigurations = (
				39055A792AD6FF200089A943 /* Debug */,
				39055A7A2AD6FF200089A943 /* Release */,
			);
			defaultConfigurationIsVisible = 0;
			defaultConfigurationName = Release;
		};
		39055A7B2AD6FF200089A943 /* Build configuration list for PBXNativeTarget "vecka1Tests" */ = {
			isa = XCConfigurationList;
			buildConfigurations = (
				39055A7C2AD6FF200089A943 /* Debug */,
				39055A7D2AD6FF200089A943 /* Release */,
			);
			defaultConfigurationIsVisible = 0;
			defaultConfigurationName = Release;
		};
		39055A7E2AD6FF200089A943 /* Build configuration list for PBXNativeTarget "vecka1UITests" */ = {
			isa = XCConfigurationList;
			buildConfigurations = (
				39055A7F2AD6FF200089A943 /* Debug */,
				39055A802AD6FF200089A943 /* Release */,
			);
			defaultConfigurationIsVisible = 0;
			defaultConfigurationName = Release;
		};
/* End XCConfigurationList section */
	};
	rootObject = 39055A4C2AD6FF1F0089A943 /* Project object */;
}
